
Microsoft Visual Studio Solution File, Format Version 12.00
# Visual Studio Version 16
VisualStudioVersion = 16.0.29009.5
MinimumVisualStudioVersion = 10.0.40219.1
Project("{FAE04EC0-301F-11D3-BF4B-00C04F79EFBC}") = "LINQExercisesExtra", "LINQExercisesExtra\LINQExercisesExtra.csproj", "{AE48950E-FCFB-4272-AC05-97D4D5C9DAB6}"
EndProject
Global
	GlobalSection(SolutionConfigurationPlatforms) = preSolution
		Debug|Any CPU = Debug|Any CPU
		Release|Any CPU = Release|Any CPU
	EndGlobalSection
	GlobalSection(ProjectConfigurationPlatforms) = postSolution
		{AE48950E-FCFB-4272-AC05-97D4D5C9DAB6}.Debug|Any CPU.ActiveCfg = Debug|Any CPU
		{AE48950E-FCFB-4272-AC05-97D4D5C9DAB6}.Debug|Any CPU.Build.0 = Debug|Any CPU
		{AE48950E-FCFB-4272-AC05-97D4D5C9DAB6}.Release|Any CPU.ActiveCfg = Release|Any CPU
		{AE48950E-FCFB-4272-AC05-97D4D5C9DAB6}.Release|Any CPU.Build.0 = Release|Any CPU
	EndGlobalSection
	GlobalSection(SolutionProperties) = preSolution
		HideSolutionNode = FALSE
	EndGlobalSection
	GlobalSection(ExtensibilityGlobals) = postSolution
		SolutionGuid = {BD3D41F4-C604-4DA2-BEE7-C35B7D3DCD5D}
	EndGlobalSection
EndGlobal
